
Microsoft Visual Studio Solution File, Format Version 12.00
# Visual Studio Version 16
VisualStudioVersion = 16.0.31112.23
MinimumVisualStudioVersion = 10.0.40219.1
Project("{FAE04EC0-301F-11D3-BF4B-00C04F79EFBC}") = "HotelListing", "HotelListing\HotelListing.csproj", "{C9B5BAEB-1086-405F-9003-AA09D6EFCC86}"
EndProject
Global
	GlobalSection(SolutionConfigurationPlatforms) = preSolution
		Debug|Any CPU = Debug|Any CPU
		Release|Any CPU = Release|Any CPU
	EndGlobalSection
	GlobalSection(ProjectConfigurationPlatforms) = postSolution
		{C9B5BAEB-1086-405F-9003-AA09D6EFCC86}.Debug|Any CPU.ActiveCfg = Debug|Any CPU
		{C9B5BAEB-1086-405F-9003-AA09D6EFCC86}.Debug|Any CPU.Build.0 = Debug|Any CPU
		{C9B5BAEB-1086-405F-9003-AA09D6EFCC86}.Release|Any CPU.ActiveCfg = Release|Any CPU
		{C9B5BAEB-1086-405F-9003-AA09D6EFCC86}.Release|Any CPU.Build.0 = Release|Any CPU
	EndGlobalSection
	GlobalSection(SolutionProperties) = preSolution
		HideSolutionNode = FALSE
	EndGlobalSection
	GlobalSection(ExtensibilityGlobals) = postSolution
		SolutionGuid = {EBE8943A-3651-4AB1-BBD8-3D1B959419BF}
	EndGlobalSection
EndGlobal
